// !$*UTF8*$!
{
	archiveVersion = 1;
	classes = {
	};
	objectVersion = 50;
	objects = {

/* Begin PBXBuildFile section */
		8423E53A24DD5BE900D127C8 /* brstm-main.cpp in Sources */ = {isa = PBXBuildFile; fileRef = 8423E53524DD5BE900D127C8 /* brstm-main.cpp */; };
		8423E53D24DD62B000D127C8 /* openrevolution.a in Frameworks */ = {isa = PBXBuildFile; fileRef = 8423E53C24DD62AF00D127C8 /* openrevolution.a */; };
		8423E54024DD634800D127C8 /* AVFoundation.framework in Frameworks */ = {isa = PBXBuildFile; fileRef = 8423E53F24DD634800D127C8 /* AVFoundation.framework */; };
		8423E54224DD6B1E00D127C8 /* AudioManager.swift in Sources */ = {isa = PBXBuildFile; fileRef = 8423E54124DD6B1E00D127C8 /* AudioManager.swift */; };
		842CCBDC24DC5840005899C4 /* AppDelegate.swift in Sources */ = {isa = PBXBuildFile; fileRef = 842CCBDB24DC5840005899C4 /* AppDelegate.swift */; };
		842CCBDE24DC5840005899C4 /* ViewController.swift in Sources */ = {isa = PBXBuildFile; fileRef = 842CCBDD24DC5840005899C4 /* ViewController.swift */; };
		842CCBE124DC5840005899C4 /* Main.storyboard in Resources */ = {isa = PBXBuildFile; fileRef = 842CCBDF24DC5840005899C4 /* Main.storyboard */; };
		842CCBE324DC5842005899C4 /* Assets.xcassets in Resources */ = {isa = PBXBuildFile; fileRef = 842CCBE224DC5842005899C4 /* Assets.xcassets */; };
		842CCBE624DC5842005899C4 /* LaunchScreen.storyboard in Resources */ = {isa = PBXBuildFile; fileRef = 842CCBE424DC5842005899C4 /* LaunchScreen.storyboard */; };
		84970D1124EEB20000D6C82F /* Accelerate.framework in Frameworks */ = {isa = PBXBuildFile; fileRef = 84970D0E24EEB1FF00D6C82F /* Accelerate.framework */; };
		84970D1324EEB20000D6C82F /* AudioToolbox.framework in Frameworks */ = {isa = PBXBuildFile; fileRef = 84970D1024EEB1FF00D6C82F /* AudioToolbox.framework */; };
		84970D1D24EFCDF000D6C82F /* Util.swift in Sources */ = {isa = PBXBuildFile; fileRef = 84970D1C24EFCDF000D6C82F /* Util.swift */; };
		849B614324F6AAE2003F77B2 /* AudioBackend.swift in Sources */ = {isa = PBXBuildFile; fileRef = 849B614224F6AAE2003F77B2 /* AudioBackend.swift */; };
		97B9FC57F7A6FCB22F45C7C6 /* libPods-malugri-mobile.a in Frameworks */ = {isa = PBXBuildFile; fileRef = D2BE4CE3B68AFAF14A4D67D9 /* libPods-malugri-mobile.a */; };
		B94AF522281698B900BC31C1 /* Malugri.svg.png in Resources */ = {isa = PBXBuildFile; fileRef = B94AF521281698B900BC31C1 /* Malugri.svg.png */; };
/* End PBXBuildFile section */

/* Begin PBXFileReference section */
		3DC8D720FF4497560A071274 /* Pods-malugri-mobile.debug.xcconfig */ = {isa = PBXFileReference; includeInIndex = 1; lastKnownFileType = text.xcconfig; name = "Pods-malugri-mobile.debug.xcconfig"; path = "Target Support Files/Pods-malugri-mobile/Pods-malugri-mobile.debug.xcconfig"; sourceTree = "<group>"; };
		775BCA4CDFE36DCABCDD2640 /* Pods-malugri-mobile.release.xcconfig */ = {isa = PBXFileReference; includeInIndex = 1; lastKnownFileType = text.xcconfig; name = "Pods-malugri-mobile.release.xcconfig"; path = "Target Support Files/Pods-malugri-mobile/Pods-malugri-mobile.release.xcconfig"; sourceTree = "<group>"; };
		8423E52F24DD5BE700D127C8 /* malugri-mobile-Bridging-Header.h */ = {isa = PBXFileReference; lastKnownFileType = sourcecode.c.h; path = "malugri-mobile-Bridging-Header.h"; sourceTree = "<group>"; };
		8423E53524DD5BE900D127C8 /* brstm-main.cpp */ = {isa = PBXFileReference; fileEncoding = 4; lastKnownFileType = sourcecode.cpp.cpp; path = "brstm-main.cpp"; sourceTree = "<group>"; };
		8423E53C24DD62AF00D127C8 /* openrevolution.a */ = {isa = PBXFileReference; lastKnownFileType = archive.ar; path = openrevolution.a; sourceTree = "<group>"; };
		8423E53F24DD634800D127C8 /* AVFoundation.framework */ = {isa = PBXFileReference; lastKnownFileType = wrapper.framework; name = AVFoundation.framework; path = System/Library/Frameworks/AVFoundation.framework; sourceTree = SDKROOT; };
		8423E54124DD6B1E00D127C8 /* AudioManager.swift */ = {isa = PBXFileReference; lastKnownFileType = sourcecode.swift; path = AudioManager.swift; sourceTree = "<group>"; };
		842CCBD824DC583F005899C4 /* malugri-mobile.app */ = {isa = PBXFileReference; explicitFileType = wrapper.application; includeInIndex = 0; path = "malugri-mobile.app"; sourceTree = BUILT_PRODUCTS_DIR; };
		842CCBDB24DC5840005899C4 /* AppDelegate.swift */ = {isa = PBXFileReference; lastKnownFileType = sourcecode.swift; path = AppDelegate.swift; sourceTree = "<group>"; };
		842CCBDD24DC5840005899C4 /* ViewController.swift */ = {isa = PBXFileReference; lastKnownFileType = sourcecode.swift; path = ViewController.swift; sourceTree = "<group>"; };
		842CCBE024DC5840005899C4 /* Base */ = {isa = PBXFileReference; lastKnownFileType = file.storyboard; name = Base; path = Base.lproj/Main.storyboard; sourceTree = "<group>"; };
		842CCBE224DC5842005899C4 /* Assets.xcassets */ = {isa = PBXFileReference; lastKnownFileType = folder.assetcatalog; path = Assets.xcassets; sourceTree = "<group>"; };
		842CCBE524DC5842005899C4 /* Base */ = {isa = PBXFileReference; lastKnownFileType = file.storyboard; name = Base; path = Base.lproj/LaunchScreen.storyboard; sourceTree = "<group>"; };
		842CCBE724DC5842005899C4 /* Info.plist */ = {isa = PBXFileReference; lastKnownFileType = text.plist.xml; path = Info.plist; sourceTree = "<group>"; };
		84970D0E24EEB1FF00D6C82F /* Accelerate.framework */ = {isa = PBXFileReference; lastKnownFileType = wrapper.framework; name = Accelerate.framework; path = System/Library/Frameworks/Accelerate.framework; sourceTree = SDKROOT; };
		84970D1024EEB1FF00D6C82F /* AudioToolbox.framework */ = {isa = PBXFileReference; lastKnownFileType = wrapper.framework; name = AudioToolbox.framework; path = System/Library/Frameworks/AudioToolbox.framework; sourceTree = SDKROOT; };
		84970D1C24EFCDF000D6C82F /* Util.swift */ = {isa = PBXFileReference; lastKnownFileType = sourcecode.swift; path = Util.swift; sourceTree = "<group>"; };
		849B614224F6AAE2003F77B2 /* AudioBackend.swift */ = {isa = PBXFileReference; lastKnownFileType = sourcecode.swift; path = AudioBackend.swift; sourceTree = "<group>"; };
		B94AF521281698B900BC31C1 /* Malugri.svg.png */ = {isa = PBXFileReference; lastKnownFileType = image.png; path = Malugri.svg.png; sourceTree = "<group>"; };
		D2BE4CE3B68AFAF14A4D67D9 /* libPods-malugri-mobile.a */ = {isa = PBXFileReference; explicitFileType = archive.ar; includeInIndex = 0; path = "libPods-malugri-mobile.a"; sourceTree = BUILT_PRODUCTS_DIR; };
/* End PBXFileReference section */

/* Begin PBXFrameworksBuildPhase section */
		842CCBD524DC583F005899C4 /* Frameworks */ = {
			isa = PBXFrameworksBuildPhase;
			buildActionMask = 2147483647;
			files = (
				84970D1124EEB20000D6C82F /* Accelerate.framework in Frameworks */,
				84970D1324EEB20000D6C82F /* AudioToolbox.framework in Frameworks */,
				8423E54024DD634800D127C8 /* AVFoundation.framework in Frameworks */,
				8423E53D24DD62B000D127C8 /* openrevolution.a in Frameworks */,
				97B9FC57F7A6FCB22F45C7C6 /* libPods-malugri-mobile.a in Frameworks */,
			);
			runOnlyForDeploymentPostprocessing = 0;
		};
/* End PBXFrameworksBuildPhase section */

/* Begin PBXGroup section */
		3896CCCE8416559E718C0B19 /* Pods */ = {
			isa = PBXGroup;
			children = (
				3DC8D720FF4497560A071274 /* Pods-malugri-mobile.debug.xcconfig */,
				775BCA4CDFE36DCABCDD2640 /* Pods-malugri-mobile.release.xcconfig */,
			);
			path = Pods;
			sourceTree = "<group>";
		};
		8423E52E24DD5BC700D127C8 /* librevolution */ = {
			isa = PBXGroup;
			children = (
				8423E53C24DD62AF00D127C8 /* openrevolution.a */,
				8423E53524DD5BE900D127C8 /* brstm-main.cpp */,
				8423E52F24DD5BE700D127C8 /* malugri-mobile-Bridging-Header.h */,
			);
			path = librevolution;
			sourceTree = "<group>";
		};
		8423E53E24DD634800D127C8 /* Frameworks */ = {
			isa = PBXGroup;
			children = (
				84970D0E24EEB1FF00D6C82F /* Accelerate.framework */,
				84970D1024EEB1FF00D6C82F /* AudioToolbox.framework */,
				8423E53F24DD634800D127C8 /* AVFoundation.framework */,
				D2BE4CE3B68AFAF14A4D67D9 /* libPods-malugri-mobile.a */,
			);
			name = Frameworks;
			sourceTree = "<group>";
		};
		842CCBCF24DC583F005899C4 = {
			isa = PBXGroup;
			children = (
				842CCBDA24DC583F005899C4 /* malugri-mobile */,
				842CCBD924DC583F005899C4 /* Products */,
				8423E53E24DD634800D127C8 /* Frameworks */,
				3896CCCE8416559E718C0B19 /* Pods */,
			);
			sourceTree = "<group>";
		};
		842CCBD924DC583F005899C4 /* Products */ = {
			isa = PBXGroup;
			children = (
				842CCBD824DC583F005899C4 /* malugri-mobile.app */,
			);
			name = Products;
			sourceTree = "<group>";
		};
		842CCBDA24DC583F005899C4 /* malugri-mobile */ = {
			isa = PBXGroup;
			children = (
				B94AF520281698AE00BC31C1 /* resources */,
				8423E52E24DD5BC700D127C8 /* librevolution */,
				842CCBDB24DC5840005899C4 /* AppDelegate.swift */,
				842CCBDD24DC5840005899C4 /* ViewController.swift */,
				842CCBDF24DC5840005899C4 /* Main.storyboard */,
				8423E54124DD6B1E00D127C8 /* AudioManager.swift */,
				849B614224F6AAE2003F77B2 /* AudioBackend.swift */,
				84970D1C24EFCDF000D6C82F /* Util.swift */,
				842CCBE224DC5842005899C4 /* Assets.xcassets */,
				842CCBE424DC5842005899C4 /* LaunchScreen.storyboard */,
				842CCBE724DC5842005899C4 /* Info.plist */,
			);
			path = "malugri-mobile";
			sourceTree = "<group>";
		};
		B94AF520281698AE00BC31C1 /* resources */ = {
			isa = PBXGroup;
			children = (
				B94AF521281698B900BC31C1 /* Malugri.svg.png */,
			);
			path = resources;
			sourceTree = "<group>";
		};
/* End PBXGroup section */

/* Begin PBXNativeTarget section */
		842CCBD724DC583F005899C4 /* malugri-mobile */ = {
			isa = PBXNativeTarget;
			buildConfigurationList = 842CCBEA24DC5842005899C4 /* Build configuration list for PBXNativeTarget "malugri-mobile" */;
			buildPhases = (
				715DB8010504A5256963876B /* [CP] Check Pods Manifest.lock */,
				842CCBD424DC583F005899C4 /* Sources */,
				842CCBD524DC583F005899C4 /* Frameworks */,
				842CCBD624DC583F005899C4 /* Resources */,
			);
			buildRules = (
			);
			dependencies = (
			);
			name = "malugri-mobile";
			productName = "malugri-mobile";
			productReference = 842CCBD824DC583F005899C4 /* malugri-mobile.app */;
			productType = "com.apple.product-type.application";
		};
/* End PBXNativeTarget section */

/* Begin PBXProject section */
		842CCBD024DC583F005899C4 /* Project object */ = {
			isa = PBXProject;
			attributes = {
				LastSwiftUpdateCheck = 1000;
				LastUpgradeCheck = 1000;
				ORGANIZATIONNAME = FreeAppSW;
				TargetAttributes = {
					842CCBD724DC583F005899C4 = {
						CreatedOnToolsVersion = 10.0;
						LastSwiftMigration = 1000;
						SystemCapabilities = {
							com.apple.BackgroundModes = {
								enabled = 1;
							};
						};
					};
				};
			};
			buildConfigurationList = 842CCBD324DC583F005899C4 /* Build configuration list for PBXProject "malugri-mobile" */;
			compatibilityVersion = "Xcode 9.3";
			developmentRegion = en;
			hasScannedForEncodings = 0;
			knownRegions = (
				en,
				Base,
			);
			mainGroup = 842CCBCF24DC583F005899C4;
			productRefGroup = 842CCBD924DC583F005899C4 /* Products */;
			projectDirPath = "";
			projectRoot = "";
			targets = (
				842CCBD724DC583F005899C4 /* malugri-mobile */,
			);
		};
/* End PBXProject section */

/* Begin PBXResourcesBuildPhase section */
		842CCBD624DC583F005899C4 /* Resources */ = {
			isa = PBXResourcesBuildPhase;
			buildActionMask = 2147483647;
			files = (
				842CCBE624DC5842005899C4 /* LaunchScreen.storyboard in Resources */,
				B94AF522281698B900BC31C1 /* Malugri.svg.png in Resources */,
				842CCBE324DC5842005899C4 /* Assets.xcassets in Resources */,
				842CCBE124DC5840005899C4 /* Main.storyboard in Resources */,
			);
			runOnlyForDeploymentPostprocessing = 0;
		};
/* End PBXResourcesBuildPhase section */

/* Begin PBXShellScriptBuildPhase section */
		715DB8010504A5256963876B /* [CP] Check Pods Manifest.lock */ = {
			isa = PBXShellScriptBuildPhase;
			buildActionMask = 2147483647;
			files = (
			);
			inputFileListPaths = (
			);
			inputPaths = (
				"${PODS_PODFILE_DIR_PATH}/Podfile.lock",
				"${PODS_ROOT}/Manifest.lock",
			);
			name = "[CP] Check Pods Manifest.lock";
			outputFileListPaths = (
			);
			outputPaths = (
				"$(DERIVED_FILE_DIR)/Pods-malugri-mobile-checkManifestLockResult.txt",
			);
			runOnlyForDeploymentPostprocessing = 0;
			shellPath = /bin/sh;
			shellScript = "diff \"${PODS_PODFILE_DIR_PATH}/Podfile.lock\" \"${PODS_ROOT}/Manifest.lock\" > /dev/null\nif [ $? != 0 ] ; then\n    # print error to STDERR\n    echo \"error: The sandbox is not in sync with the Podfile.lock. Run 'pod install' or update your CocoaPods installation.\" >&2\n    exit 1\nfi\n# This output is used by Xcode 'outputs' to avoid re-running this script phase.\necho \"SUCCESS\" > \"${SCRIPT_OUTPUT_FILE_0}\"\n";
			showEnvVarsInLog = 0;
		};
/* End PBXShellScriptBuildPhase section */

/* Begin PBXSourcesBuildPhase section */
		842CCBD424DC583F005899C4 /* Sources */ = {
			isa = PBXSourcesBuildPhase;
			buildActionMask = 2147483647;
			files = (
				842CCBDE24DC5840005899C4 /* ViewController.swift in Sources */,
				8423E53A24DD5BE900D127C8 /* brstm-main.cpp in Sources */,
				84970D1D24EFCDF000D6C82F /* Util.swift in Sources */,
				849B614324F6AAE2003F77B2 /* AudioBackend.swift in Sources */,
				8423E54224DD6B1E00D127C8 /* AudioManager.swift in Sources */,
				842CCBDC24DC5840005899C4 /* AppDelegate.swift in Sources */,
			);
			runOnlyForDeploymentPostprocessing = 0;
		};
/* End PBXSourcesBuildPhase section */

/* Begin PBXVariantGroup section */
		842CCBDF24DC5840005899C4 /* Main.storyboard */ = {
			isa = PBXVariantGroup;
			children = (
				842CCBE024DC5840005899C4 /* Base */,
			);
			name = Main.storyboard;
			sourceTree = "<group>";
		};
		842CCBE424DC5842005899C4 /* LaunchScreen.storyboard */ = {
			isa = PBXVariantGroup;
			children = (
				842CCBE524DC5842005899C4 /* Base */,
			);
			name = LaunchScreen.storyboard;
			sourceTree = "<group>";
		};
/* End PBXVariantGroup section */

/* Begin XCBuildConfiguration section */
		842CCBE824DC5842005899C4 /* Debug */ = {
			isa = XCBuildConfiguration;
			buildSettings = {
				ALWAYS_SEARCH_USER_PATHS = NO;
				CLANG_ANALYZER_NONNULL = YES;
				CLANG_ANALYZER_NUMBER_OBJECT_CONVERSION = YES_AGGRESSIVE;
				CLANG_CXX_LANGUAGE_STANDARD = "gnu++14";
				CLANG_CXX_LIBRARY = "libc++";
				CLANG_ENABLE_MODULES = YES;
				CLANG_ENABLE_OBJC_ARC = YES;
				CLANG_ENABLE_OBJC_WEAK = YES;
				CLANG_WARN_BLOCK_CAPTURE_AUTORELEASING = YES;
				CLANG_WARN_BOOL_CONVERSION = YES;
				CLANG_WARN_COMMA = YES;
				CLANG_WARN_CONSTANT_CONVERSION = YES;
				CLANG_WARN_DEPRECATED_OBJC_IMPLEMENTATIONS = YES;
				CLANG_WARN_DIRECT_OBJC_ISA_USAGE = YES_ERROR;
				CLANG_WARN_DOCUMENTATION_COMMENTS = YES;
				CLANG_WARN_EMPTY_BODY = YES;
				CLANG_WARN_ENUM_CONVERSION = YES;
				CLANG_WARN_INFINITE_RECURSION = YES;
				CLANG_WARN_INT_CONVERSION = YES;
				CLANG_WARN_NON_LITERAL_NULL_CONVERSION = YES;
				CLANG_WARN_OBJC_IMPLICIT_RETAIN_SELF = YES;
				CLANG_WARN_OBJC_LITERAL_CONVERSION = YES;
				CLANG_WARN_OBJC_ROOT_CLASS = YES_ERROR;
				CLANG_WARN_RANGE_LOOP_ANALYSIS = YES;
				CLANG_WARN_STRICT_PROTOTYPES = YES;
				CLANG_WARN_SUSPICIOUS_MOVE = YES;
				CLANG_WARN_UNGUARDED_AVAILABILITY = YES_AGGRESSIVE;
				CLANG_WARN_UNREACHABLE_CODE = YES;
				CLANG_WARN__DUPLICATE_METHOD_MATCH = YES;
				CODE_SIGN_IDENTITY = "iPhone Developer";
				COPY_PHASE_STRIP = NO;
				DEBUG_INFORMATION_FORMAT = dwarf;
				ENABLE_STRICT_OBJC_MSGSEND = YES;
				ENABLE_TESTABILITY = YES;
				GCC_C_LANGUAGE_STANDARD = gnu11;
				GCC_DYNAMIC_NO_PIC = NO;
				GCC_NO_COMMON_BLOCKS = YES;
				GCC_OPTIMIZATION_LEVEL = 0;
				GCC_PREPROCESSOR_DEFINITIONS = (
					"DEBUG=1",
					"$(inherited)",
				);
				GCC_WARN_64_TO_32_BIT_CONVERSION = YES;
				GCC_WARN_ABOUT_RETURN_TYPE = YES_ERROR;
				GCC_WARN_UNDECLARED_SELECTOR = YES;
				GCC_WARN_UNINITIALIZED_AUTOS = YES_AGGRESSIVE;
				GCC_WARN_UNUSED_FUNCTION = YES;
				GCC_WARN_UNUSED_VARIABLE = YES;
				IPHONEOS_DEPLOYMENT_TARGET = 12.0;
				MTL_ENABLE_DEBUG_INFO = INCLUDE_SOURCE;
				MTL_FAST_MATH = YES;
				ONLY_ACTIVE_ARCH = YES;
				SDKROOT = iphoneos;
				SWIFT_ACTIVE_COMPILATION_CONDITIONS = DEBUG;
				SWIFT_OPTIMIZATION_LEVEL = "-Onone";
			};
			name = Debug;
		};
		842CCBE924DC5842005899C4 /* Release */ = {
			isa = XCBuildConfiguration;
			buildSettings = {
				ALWAYS_SEARCH_USER_PATHS = NO;
				CLANG_ANALYZER_NONNULL = YES;
				CLANG_ANALYZER_NUMBER_OBJECT_CONVERSION = YES_AGGRESSIVE;
				CLANG_CXX_LANGUAGE_STANDARD = "gnu++14";
				CLANG_CXX_LIBRARY = "libc++";
				CLANG_ENABLE_MODULES = YES;
				CLANG_ENABLE_OBJC_ARC = YES;
				CLANG_ENABLE_OBJC_WEAK = YES;
				CLANG_WARN_BLOCK_CAPTURE_AUTORELEASING = YES;
				CLANG_WARN_BOOL_CONVERSION = YES;
				CLANG_WARN_COMMA = YES;
				CLANG_WARN_CONSTANT_CONVERSION = YES;
				CLANG_WARN_DEPRECATED_OBJC_IMPLEMENTATIONS = YES;
				CLANG_WARN_DIRECT_OBJC_ISA_USAGE = YES_ERROR;
				CLANG_WARN_DOCUMENTATION_COMMENTS = YES;
				CLANG_WARN_EMPTY_BODY = YES;
				CLANG_WARN_ENUM_CONVERSION = YES;
				CLANG_WARN_INFINITE_RECURSION = YES;
				CLANG_WARN_INT_CONVERSION = YES;
				CLANG_WARN_NON_LITERAL_NULL_CONVERSION = YES;
				CLANG_WARN_OBJC_IMPLICIT_RETAIN_SELF = YES;
				CLANG_WARN_OBJC_LITERAL_CONVERSION = YES;
				CLANG_WARN_OBJC_ROOT_CLASS = YES_ERROR;
				CLANG_WARN_RANGE_LOOP_ANALYSIS = YES;
				CLANG_WARN_STRICT_PROTOTYPES = YES;
				CLANG_WARN_SUSPICIOUS_MOVE = YES;
				CLANG_WARN_UNGUARDED_AVAILABILITY = YES_AGGRESSIVE;
				CLANG_WARN_UNREACHABLE_CODE = YES;
				CLANG_WARN__DUPLICATE_METHOD_MATCH = YES;
				CODE_SIGN_IDENTITY = "iPhone Developer";
				COPY_PHASE_STRIP = NO;
				DEBUG_INFORMATION_FORMAT = "dwarf-with-dsym";
				ENABLE_NS_ASSERTIONS = NO;
				ENABLE_STRICT_OBJC_MSGSEND = YES;
				GCC_C_LANGUAGE_STANDARD = gnu11;
				GCC_NO_COMMON_BLOCKS = YES;
				GCC_WARN_64_TO_32_BIT_CONVERSION = YES;
				GCC_WARN_ABOUT_RETURN_TYPE = YES_ERROR;
				GCC_WARN_UNDECLARED_SELECTOR = YES;
				GCC_WARN_UNINITIALIZED_AUTOS = YES_AGGRESSIVE;
				GCC_WARN_UNUSED_FUNCTION = YES;
				GCC_WARN_UNUSED_VARIABLE = YES;
				IPHONEOS_DEPLOYMENT_TARGET = 12.0;
				MTL_ENABLE_DEBUG_INFO = NO;
				MTL_FAST_MATH = YES;
				SDKROOT = iphoneos;
				SWIFT_COMPILATION_MODE = wholemodule;
				SWIFT_OPTIMIZATION_LEVEL = "-O";
				VALIDATE_PRODUCT = YES;
			};
			name = Release;
		};
		842CCBEB24DC5842005899C4 /* Debug */ = {
			isa = XCBuildConfiguration;
			baseConfigurationReference = 3DC8D720FF4497560A071274 /* Pods-malugri-mobile.debug.xcconfig */;
			buildSettings = {
				ASSETCATALOG_COMPILER_APPICON_NAME = AppIcon;
				CLANG_ENABLE_MODULES = YES;
				CODE_SIGN_STYLE = Automatic;
				DEVELOPMENT_TEAM = N6M3GGC92B;
				ENABLE_BITCODE = NO;
				INFOPLIST_FILE = "malugri-mobile/Info.plist";
				IPHONEOS_DEPLOYMENT_TARGET = 11.0;
				LD_RUNPATH_SEARCH_PATHS = (
					"$(inherited)",
					"@executable_path/Frameworks",
				);
				LIBRARY_SEARCH_PATHS = (
					"$(inherited)",
					"$(PROJECT_DIR)/malugri-mobile/librevolution",
				);
				PRODUCT_BUNDLE_IDENTIFIER = "dev.binarythinker.Malugri.ios-player";
				PRODUCT_NAME = "$(TARGET_NAME)";
				SWIFT_OBJC_BRIDGING_HEADER = "malugri-mobile/librevolution/malugri-mobile-Bridging-Header.h";
				SWIFT_OPTIMIZATION_LEVEL = "-Onone";
				SWIFT_VERSION = 4.2;
				TARGETED_DEVICE_FAMILY = "1,2";
			};
			name = Debug;
		};
		842CCBEC24DC5842005899C4 /* Release */ = {
			isa = XCBuildConfiguration;
			baseConfigurationReference = 775BCA4CDFE36DCABCDD2640 /* Pods-malugri-mobile.release.xcconfig */;
			buildSettings = {
				ASSETCATALOG_COMPILER_APPICON_NAME = AppIcon;
				CLANG_ENABLE_MODULES = YES;
				CODE_SIGN_STYLE = Automatic;
				DEVELOPMENT_TEAM = N6M3GGC92B;
				ENABLE_BITCODE = NO;
				INFOPLIST_FILE = "malugri-mobile/Info.plist";
				IPHONEOS_DEPLOYMENT_TARGET = 11.0;
				LD_RUNPATH_SEARCH_PATHS = (
					"$(inherited)",
					"@executable_path/Frameworks",
				);
				LIBRARY_SEARCH_PATHS = (
					"$(inherited)",
					"$(PROJECT_DIR)/malugri-mobile/librevolution",
				);
				PRODUCT_BUNDLE_IDENTIFIER = "dev.binarythinker.Malugri.ios-player";
				PRODUCT_NAME = "$(TARGET_NAME)";
				SWIFT_OBJC_BRIDGING_HEADER = "malugri-mobile/librevolution/malugri-mobile-Bridging-Header.h";
				SWIFT_VERSION = 4.2;
				TARGETED_DEVICE_FAMILY = "1,2";
			};
			name = Release;
		};
/* End XCBuildConfiguration section */

/* Begin XCConfigurationList section */
		842CCBD324DC583F005899C4 /* Build configuration list for PBXProject "malugri-mobile" */ = {
			isa = XCConfigurationList;
			buildConfigurations = (
				842CCBE824DC5842005899C4 /* Debug */,
				842CCBE924DC5842005899C4 /* Release */,
			);
			defaultConfigurationIsVisible = 0;
			defaultConfigurationName = Release;
		};
		842CCBEA24DC5842005899C4 /* Build configuration list for PBXNativeTarget "malugri-mobile" */ = {
			isa = XCConfigurationList;
			buildConfigurations = (
				842CCBEB24DC5842005899C4 /* Debug */,
				842CCBEC24DC5842005899C4 /* Release */,
			);
			defaultConfigurationIsVisible = 0;
			defaultConfigurationName = Release;
		};
/* End XCConfigurationList section */
	};
	rootObject = 842CCBD024DC583F005899C4 /* Project object */;
}
